
Microsoft Visual Studio Solution File, Format Version 12.00
# Visual Studio 15
Project("{FAE04EC0-301F-11D3-BF4B-00C04F79EFBC}") = "Assembly-CSharp-firstpass", "Assembly-CSharp-firstpass.csproj", "{B47DAE2E-8D72-5023-5A78-A4BFC3C86949}"
EndProject
Project("{FAE04EC0-301F-11D3-BF4B-00C04F79EFBC}") = "Assembly-CSharp", "Assembly-CSharp.csproj", "{C7AC4B18-FFCD-FE43-35A0-B4DD2DE28659}"
EndProject
Project("{FAE04EC0-301F-11D3-BF4B-00C04F79EFBC}") = "Assembly-CSharp-Editor-firstpass", "Assembly-CSharp-Editor-firstpass.csproj", "{56AAF005-A972-C5BF-FC03-3C44FD78CC3C}"
EndProject
Global
	GlobalSection(SolutionConfigurationPlatforms) = preSolution
		Debug|Any CPU = Debug|Any CPU
		Release|Any CPU = Release|Any CPU
	EndGlobalSection
	GlobalSection(ProjectConfigurationPlatforms) = postSolution
		{B47DAE2E-8D72-5023-5A78-A4BFC3C86949}.Debug|Any CPU.ActiveCfg = Debug|Any CPU
		{B47DAE2E-8D72-5023-5A78-A4BFC3C86949}.Debug|Any CPU.Build.0 = Debug|Any CPU
		{B47DAE2E-8D72-5023-5A78-A4BFC3C86949}.Release|Any CPU.ActiveCfg = Release|Any CPU
		{B47DAE2E-8D72-5023-5A78-A4BFC3C86949}.Release|Any CPU.Build.0 = Release|Any CPU
		{C7AC4B18-FFCD-FE43-35A0-B4DD2DE28659}.Debug|Any CPU.ActiveCfg = Debug|Any CPU
		{C7AC4B18-FFCD-FE43-35A0-B4DD2DE28659}.Debug|Any CPU.Build.0 = Debug|Any CPU
		{C7AC4B18-FFCD-FE43-35A0-B4DD2DE28659}.Release|Any CPU.ActiveCfg = Release|Any CPU
		{C7AC4B18-FFCD-FE43-35A0-B4DD2DE28659}.Release|Any CPU.Build.0 = Release|Any CPU
		{56AAF005-A972-C5BF-FC03-3C44FD78CC3C}.Debug|Any CPU.ActiveCfg = Debug|Any CPU
		{56AAF005-A972-C5BF-FC03-3C44FD78CC3C}.Debug|Any CPU.Build.0 = Debug|Any CPU
		{56AAF005-A972-C5BF-FC03-3C44FD78CC3C}.Release|Any CPU.ActiveCfg = Release|Any CPU
		{56AAF005-A972-C5BF-FC03-3C44FD78CC3C}.Release|Any CPU.Build.0 = Release|Any CPU
	EndGlobalSection
	GlobalSection(SolutionProperties) = preSolution
		HideSolutionNode = FALSE
	EndGlobalSection
EndGlobal
